
Microsoft Visual Studio Solution File, Format Version 12.00
# Visual Studio Version 16
VisualStudioVersion = 16.0.29215.179
MinimumVisualStudioVersion = 10.0.40219.1
Project("{FAE04EC0-301F-11D3-BF4B-00C04F79EFBC}") = "LetterLoops", "LetterLoops\LetterLoops.csproj", "{2B988EC5-C609-4295-90EC-5E16CAD4E13C}"
EndProject
Global
	GlobalSection(SolutionConfigurationPlatforms) = preSolution
		Debug|Any CPU = Debug|Any CPU
		Release|Any CPU = Release|Any CPU
	EndGlobalSection
	GlobalSection(ProjectConfigurationPlatforms) = postSolution
		{2B988EC5-C609-4295-90EC-5E16CAD4E13C}.Debug|Any CPU.ActiveCfg = Debug|Any CPU
		{2B988EC5-C609-4295-90EC-5E16CAD4E13C}.Debug|Any CPU.Build.0 = Debug|Any CPU
		{2B988EC5-C609-4295-90EC-5E16CAD4E13C}.Release|Any CPU.ActiveCfg = Release|Any CPU
		{2B988EC5-C609-4295-90EC-5E16CAD4E13C}.Release|Any CPU.Build.0 = Release|Any CPU
	EndGlobalSection
	GlobalSection(SolutionProperties) = preSolution
		HideSolutionNode = FALSE
	EndGlobalSection
	GlobalSection(ExtensibilityGlobals) = postSolution
		SolutionGuid = {88A09B4A-0756-42A5-BA89-CD03E02347FA}
	EndGlobalSection
EndGlobal
